
Microsoft Visual Studio Solution File, Format Version 12.00
# Visual Studio Version 17
VisualStudioVersion = 17.5.002.0
MinimumVisualStudioVersion = 10.0.40219.1
Project("{2150E333-8FDC-42A3-9474-1A3956D46DE8}") = "Actividad1Entrada", "Actividad1Entrada", "{170C4B5F-3372-4507-8158-17E2DAB246BB}"
EndProject
Project("{9A19103F-16F7-4668-BE54-9A1E7A4F7556}") = "TestProject", "Actividad1Entrada\TestProject\TestProject.csproj", "{728BC62F-3BE3-4C2C-8176-70D55E856A41}"
EndProject
Project("{2150E333-8FDC-42A3-9474-1A3956D46DE8}") = "Actividad1Formatos", "Actividad1Formatos", "{68A3A200-91A7-4318-9646-F881A2FABE7D}"
EndProject
Project("{9A19103F-16F7-4668-BE54-9A1E7A4F7556}") = "TestProject", "Actividad1Formatos\TestProject\TestProject.csproj", "{40B8757A-E102-46B8-940C-BF78831CDF73}"
EndProject
Project("{2150E333-8FDC-42A3-9474-1A3956D46DE8}") = "Actividad2Entrada", "Actividad2Entrada", "{BBA8E809-CD9D-43E6-8315-E38E61619693}"
EndProject
Project("{9A19103F-16F7-4668-BE54-9A1E7A4F7556}") = "TestProject", "Actividad2Entrada\TestProject\TestProject.csproj", "{A9AE2A76-5FD9-40DE-B215-424719841518}"
EndProject
Project("{2150E333-8FDC-42A3-9474-1A3956D46DE8}") = "Actividad3Entrada", "Actividad3Entrada", "{E6099B93-086B-4AAA-BC93-DA9D633C06CB}"
EndProject
Project("{9A19103F-16F7-4668-BE54-9A1E7A4F7556}") = "TestProject", "Actividad3Entrada\TestProject\TestProject.csproj", "{32171D81-CECB-4A63-965C-0EF1A3E122DB}"
EndProject
Project("{2150E333-8FDC-42A3-9474-1A3956D46DE8}") = "Boolean", "Boolean", "{0C880B73-7071-47AC-906D-1BD6ABEC71CB}"
EndProject
Project("{9A19103F-16F7-4668-BE54-9A1E7A4F7556}") = "TestProject", "Boolean\TestProject\TestProject.csproj", "{5C5FB133-BEC1-4428-A7A3-A24F4709A462}"
EndProject
Project("{2150E333-8FDC-42A3-9474-1A3956D46DE8}") = "Ejercicio-Conversion", "Ejercicio-Conversion", "{5C6B5F44-4797-4037-B73F-CE2D1A8A3B7B}"
EndProject
Project("{9A19103F-16F7-4668-BE54-9A1E7A4F7556}") = "TestProject", "Ejercicio-Conversion\TestProject\TestProject.csproj", "{3B6968CC-AE07-4C05-851F-BFBFA8835EC7}"
EndProject
Project("{2150E333-8FDC-42A3-9474-1A3956D46DE8}") = "Ejercicio-Conversion2", "Ejercicio-Conversion2", "{4694D111-F080-4DC3-99B8-8D41B7BC0305}"
EndProject
Project("{9A19103F-16F7-4668-BE54-9A1E7A4F7556}") = "TestProject", "Ejercicio-Conversion2\TestProject\TestProject.csproj", "{973C324C-7C5F-41B5-B5C0-9B8C8EF599A6}"
EndProject
Project("{2150E333-8FDC-42A3-9474-1A3956D46DE8}") = "EntradaDatos", "EntradaDatos", "{6616E4DB-34E5-4846-B488-795E8E568322}"
EndProject
Project("{9A19103F-16F7-4668-BE54-9A1E7A4F7556}") = "TestProject", "EntradaDatos\TestProject\TestProject.csproj", "{D6BC9EC6-D1BF-42BF-8588-8D7769CA9F27}"
EndProject
Project("{2150E333-8FDC-42A3-9474-1A3956D46DE8}") = "For", "For", "{9A6C11CE-7812-4422-93E2-9C1AE5F64D47}"
EndProject
Project("{9A19103F-16F7-4668-BE54-9A1E7A4F7556}") = "TestProject", "For\TestProject\TestProject.csproj", "{7072CED4-FCAA-4158-9D29-1498ADF3E058}"
EndProject
Project("{2150E333-8FDC-42A3-9474-1A3956D46DE8}") = "Formatos", "Formatos", "{2A91F96F-675E-4C2B-ABC0-361BF73685AC}"
EndProject
Project("{9A19103F-16F7-4668-BE54-9A1E7A4F7556}") = "TestProject", "Formatos\TestProject\TestProject.csproj", "{74ECDC4D-D39A-4F1A-B9E6-F6228AD54A66}"
EndProject
Project("{2150E333-8FDC-42A3-9474-1A3956D46DE8}") = "GestionAlumnos", "GestionAlumnos", "{A30A1101-6669-4EB8-A148-ACF4A5A35934}"
EndProject
Project("{9A19103F-16F7-4668-BE54-9A1E7A4F7556}") = "TestProject", "GestionAlumnos\TestProject\TestProject.csproj", "{269A8F88-8782-439F-9031-75A3D9ACB033}"
EndProject
Project("{2150E333-8FDC-42A3-9474-1A3956D46DE8}") = "GestionAlumnos2.0", "GestionAlumnos2.0", "{BD14BDF1-9BAA-444B-97ED-E9F7D1A64032}"
EndProject
Project("{9A19103F-16F7-4668-BE54-9A1E7A4F7556}") = "TestProject", "GestionAlumnos2.0\TestProject\TestProject.csproj", "{F94A78A2-0E6F-4F71-944F-FF1D53DC9447}"
EndProject
Project("{2150E333-8FDC-42A3-9474-1A3956D46DE8}") = "InvertirCadena", "InvertirCadena", "{7FC73C2A-6FDF-40F3-9678-F31E3FA6DFA6}"
EndProject
Project("{9A19103F-16F7-4668-BE54-9A1E7A4F7556}") = "TestProject", "InvertirCadena\TestProject\TestProject.csproj", "{7B96AFBA-8FA0-4A26-888C-722D5AA3FA2C}"
EndProject
Project("{2150E333-8FDC-42A3-9474-1A3956D46DE8}") = "Matrices", "Matrices", "{6BB781A8-EA7C-4740-8BE8-1B77303B606B}"
EndProject
Project("{9A19103F-16F7-4668-BE54-9A1E7A4F7556}") = "TestProject", "Matrices\TestProject\TestProject.csproj", "{2771BA41-7AA5-4A9A-AF41-46B546A15493}"
EndProject
Project("{2150E333-8FDC-42A3-9474-1A3956D46DE8}") = "MetodosCadena", "MetodosCadena", "{12493741-53EE-4CC8-996D-0D3C1589E46B}"
EndProject
Project("{9A19103F-16F7-4668-BE54-9A1E7A4F7556}") = "TestProject", "MetodosCadena\TestProject\TestProject.csproj", "{D69A29F9-5AC1-422E-B41F-A2CB50C28D77}"
EndProject
Project("{2150E333-8FDC-42A3-9474-1A3956D46DE8}") = "OrdenarCadena", "OrdenarCadena", "{905C7CF8-ED07-4180-AA01-44DCCF3D1DE6}"
EndProject
Project("{9A19103F-16F7-4668-BE54-9A1E7A4F7556}") = "TestProject", "OrdenarCadena\TestProject\TestProject.csproj", "{5C0495EA-8D99-40F8-B88F-471653E7D1DA}"
EndProject
Project("{2150E333-8FDC-42A3-9474-1A3956D46DE8}") = "ProyectoGuiado1", "ProyectoGuiado1", "{D007D336-39A0-4E26-AC64-91647A1F9BA4}"
EndProject
Project("{9A19103F-16F7-4668-BE54-9A1E7A4F7556}") = "TestProject", "ProyectoGuiado1\TestProject\TestProject.csproj", "{D9F6CBC1-9914-44B6-A4D6-C892BD3D61C9}"
EndProject
Project("{2150E333-8FDC-42A3-9474-1A3956D46DE8}") = "Switch-Case", "Switch-Case", "{B5CE399D-7BCF-40A9-B96E-A94FAF757741}"
EndProject
Project("{9A19103F-16F7-4668-BE54-9A1E7A4F7556}") = "TestProject", "Switch-Case\TestProject\TestProject.csproj", "{B3B17FE3-A1F3-46F5-BCA5-61E8E12FBF3B}"
EndProject
Project("{2150E333-8FDC-42A3-9474-1A3956D46DE8}") = "Valor-Referencia", "Valor-Referencia", "{05CFB125-CFB9-408D-96AA-E875BB7ACBEF}"
EndProject
Project("{9A19103F-16F7-4668-BE54-9A1E7A4F7556}") = "TestProject", "Valor-Referencia\TestProject\TestProject.csproj", "{C2E0F7F3-8893-4D22-A468-09422C18C7ED}"
EndProject
Project("{2150E333-8FDC-42A3-9474-1A3956D46DE8}") = "Variables", "Variables", "{9CFE8B34-E372-4A57-B180-0EB5D63379AB}"
EndProject
Project("{9A19103F-16F7-4668-BE54-9A1E7A4F7556}") = "TestProject", "Variables\TestProject\TestProject.csproj", "{C34FFE25-4413-411F-9AB8-E444338D3392}"
EndProject
Project("{2150E333-8FDC-42A3-9474-1A3956D46DE8}") = "While-DoWhile", "While-DoWhile", "{440780B1-65B8-4C5B-9ED0-58AD51AC1F27}"
EndProject
Project("{9A19103F-16F7-4668-BE54-9A1E7A4F7556}") = "TestProject", "While-DoWhile\TestProject\TestProject.csproj", "{6F770161-4F3B-4BC9-AC00-A68DD5FD9EF0}"
EndProject
Global
	GlobalSection(SolutionConfigurationPlatforms) = preSolution
		Debug|Any CPU = Debug|Any CPU
		Release|Any CPU = Release|Any CPU
	EndGlobalSection
	GlobalSection(ProjectConfigurationPlatforms) = postSolution
		{728BC62F-3BE3-4C2C-8176-70D55E856A41}.Debug|Any CPU.ActiveCfg = Debug|Any CPU
		{728BC62F-3BE3-4C2C-8176-70D55E856A41}.Debug|Any CPU.Build.0 = Debug|Any CPU
		{728BC62F-3BE3-4C2C-8176-70D55E856A41}.Release|Any CPU.ActiveCfg = Release|Any CPU
		{728BC62F-3BE3-4C2C-8176-70D55E856A41}.Release|Any CPU.Build.0 = Release|Any CPU
		{40B8757A-E102-46B8-940C-BF78831CDF73}.Debug|Any CPU.ActiveCfg = Debug|Any CPU
		{40B8757A-E102-46B8-940C-BF78831CDF73}.Debug|Any CPU.Build.0 = Debug|Any CPU
		{40B8757A-E102-46B8-940C-BF78831CDF73}.Release|Any CPU.ActiveCfg = Release|Any CPU
		{40B8757A-E102-46B8-940C-BF78831CDF73}.Release|Any CPU.Build.0 = Release|Any CPU
		{A9AE2A76-5FD9-40DE-B215-424719841518}.Debug|Any CPU.ActiveCfg = Debug|Any CPU
		{A9AE2A76-5FD9-40DE-B215-424719841518}.Debug|Any CPU.Build.0 = Debug|Any CPU
		{A9AE2A76-5FD9-40DE-B215-424719841518}.Release|Any CPU.ActiveCfg = Release|Any CPU
		{A9AE2A76-5FD9-40DE-B215-424719841518}.Release|Any CPU.Build.0 = Release|Any CPU
		{32171D81-CECB-4A63-965C-0EF1A3E122DB}.Debug|Any CPU.ActiveCfg = Debug|Any CPU
		{32171D81-CECB-4A63-965C-0EF1A3E122DB}.Debug|Any CPU.Build.0 = Debug|Any CPU
		{32171D81-CECB-4A63-965C-0EF1A3E122DB}.Release|Any CPU.ActiveCfg = Release|Any CPU
		{32171D81-CECB-4A63-965C-0EF1A3E122DB}.Release|Any CPU.Build.0 = Release|Any CPU
		{5C5FB133-BEC1-4428-A7A3-A24F4709A462}.Debug|Any CPU.ActiveCfg = Debug|Any CPU
		{5C5FB133-BEC1-4428-A7A3-A24F4709A462}.Debug|Any CPU.Build.0 = Debug|Any CPU
		{5C5FB133-BEC1-4428-A7A3-A24F4709A462}.Release|Any CPU.ActiveCfg = Release|Any CPU
		{5C5FB133-BEC1-4428-A7A3-A24F4709A462}.Release|Any CPU.Build.0 = Release|Any CPU
		{3B6968CC-AE07-4C05-851F-BFBFA8835EC7}.Debug|Any CPU.ActiveCfg = Debug|Any CPU
		{3B6968CC-AE07-4C05-851F-BFBFA8835EC7}.Debug|Any CPU.Build.0 = Debug|Any CPU
		{3B6968CC-AE07-4C05-851F-BFBFA8835EC7}.Release|Any CPU.ActiveCfg = Release|Any CPU
		{3B6968CC-AE07-4C05-851F-BFBFA8835EC7}.Release|Any CPU.Build.0 = Release|Any CPU
		{973C324C-7C5F-41B5-B5C0-9B8C8EF599A6}.Debug|Any CPU.ActiveCfg = Debug|Any CPU
		{973C324C-7C5F-41B5-B5C0-9B8C8EF599A6}.Debug|Any CPU.Build.0 = Debug|Any CPU
		{973C324C-7C5F-41B5-B5C0-9B8C8EF599A6}.Release|Any CPU.ActiveCfg = Release|Any CPU
		{973C324C-7C5F-41B5-B5C0-9B8C8EF599A6}.Release|Any CPU.Build.0 = Release|Any CPU
		{D6BC9EC6-D1BF-42BF-8588-8D7769CA9F27}.Debug|Any CPU.ActiveCfg = Debug|Any CPU
		{D6BC9EC6-D1BF-42BF-8588-8D7769CA9F27}.Debug|Any CPU.Build.0 = Debug|Any CPU
		{D6BC9EC6-D1BF-42BF-8588-8D7769CA9F27}.Release|Any CPU.ActiveCfg = Release|Any CPU
		{D6BC9EC6-D1BF-42BF-8588-8D7769CA9F27}.Release|Any CPU.Build.0 = Release|Any CPU
		{7072CED4-FCAA-4158-9D29-1498ADF3E058}.Debug|Any CPU.ActiveCfg = Debug|Any CPU
		{7072CED4-FCAA-4158-9D29-1498ADF3E058}.Debug|Any CPU.Build.0 = Debug|Any CPU
		{7072CED4-FCAA-4158-9D29-1498ADF3E058}.Release|Any CPU.ActiveCfg = Release|Any CPU
		{7072CED4-FCAA-4158-9D29-1498ADF3E058}.Release|Any CPU.Build.0 = Release|Any CPU
		{74ECDC4D-D39A-4F1A-B9E6-F6228AD54A66}.Debug|Any CPU.ActiveCfg = Debug|Any CPU
		{74ECDC4D-D39A-4F1A-B9E6-F6228AD54A66}.Debug|Any CPU.Build.0 = Debug|Any CPU
		{74ECDC4D-D39A-4F1A-B9E6-F6228AD54A66}.Release|Any CPU.ActiveCfg = Release|Any CPU
		{74ECDC4D-D39A-4F1A-B9E6-F6228AD54A66}.Release|Any CPU.Build.0 = Release|Any CPU
		{269A8F88-8782-439F-9031-75A3D9ACB033}.Debug|Any CPU.ActiveCfg = Debug|Any CPU
		{269A8F88-8782-439F-9031-75A3D9ACB033}.Debug|Any CPU.Build.0 = Debug|Any CPU
		{269A8F88-8782-439F-9031-75A3D9ACB033}.Release|Any CPU.ActiveCfg = Release|Any CPU
		{269A8F88-8782-439F-9031-75A3D9ACB033}.Release|Any CPU.Build.0 = Release|Any CPU
		{F94A78A2-0E6F-4F71-944F-FF1D53DC9447}.Debug|Any CPU.ActiveCfg = Debug|Any CPU
		{F94A78A2-0E6F-4F71-944F-FF1D53DC9447}.Debug|Any CPU.Build.0 = Debug|Any CPU
		{F94A78A2-0E6F-4F71-944F-FF1D53DC9447}.Release|Any CPU.ActiveCfg = Release|Any CPU
		{F94A78A2-0E6F-4F71-944F-FF1D53DC9447}.Release|Any CPU.Build.0 = Release|Any CPU
		{7B96AFBA-8FA0-4A26-888C-722D5AA3FA2C}.Debug|Any CPU.ActiveCfg = Debug|Any CPU
		{7B96AFBA-8FA0-4A26-888C-722D5AA3FA2C}.Debug|Any CPU.Build.0 = Debug|Any CPU
		{7B96AFBA-8FA0-4A26-888C-722D5AA3FA2C}.Release|Any CPU.ActiveCfg = Release|Any CPU
		{7B96AFBA-8FA0-4A26-888C-722D5AA3FA2C}.Release|Any CPU.Build.0 = Release|Any CPU
		{2771BA41-7AA5-4A9A-AF41-46B546A15493}.Debug|Any CPU.ActiveCfg = Debug|Any CPU
		{2771BA41-7AA5-4A9A-AF41-46B546A15493}.Debug|Any CPU.Build.0 = Debug|Any CPU
		{2771BA41-7AA5-4A9A-AF41-46B546A15493}.Release|Any CPU.ActiveCfg = Release|Any CPU
		{2771BA41-7AA5-4A9A-AF41-46B546A15493}.Release|Any CPU.Build.0 = Release|Any CPU
		{D69A29F9-5AC1-422E-B41F-A2CB50C28D77}.Debug|Any CPU.ActiveCfg = Debug|Any CPU
		{D69A29F9-5AC1-422E-B41F-A2CB50C28D77}.Debug|Any CPU.Build.0 = Debug|Any CPU
		{D69A29F9-5AC1-422E-B41F-A2CB50C28D77}.Release|Any CPU.ActiveCfg = Release|Any CPU
		{D69A29F9-5AC1-422E-B41F-A2CB50C28D77}.Release|Any CPU.Build.0 = Release|Any CPU
		{5C0495EA-8D99-40F8-B88F-471653E7D1DA}.Debug|Any CPU.ActiveCfg = Debug|Any CPU
		{5C0495EA-8D99-40F8-B88F-471653E7D1DA}.Debug|Any CPU.Build.0 = Debug|Any CPU
		{5C0495EA-8D99-40F8-B88F-471653E7D1DA}.Release|Any CPU.ActiveCfg = Release|Any CPU
		{5C0495EA-8D99-40F8-B88F-471653E7D1DA}.Release|Any CPU.Build.0 = Release|Any CPU
		{D9F6CBC1-9914-44B6-A4D6-C892BD3D61C9}.Debug|Any CPU.ActiveCfg = Debug|Any CPU
		{D9F6CBC1-9914-44B6-A4D6-C892BD3D61C9}.Debug|Any CPU.Build.0 = Debug|Any CPU
		{D9F6CBC1-9914-44B6-A4D6-C892BD3D61C9}.Release|Any CPU.ActiveCfg = Release|Any CPU
		{D9F6CBC1-9914-44B6-A4D6-C892BD3D61C9}.Release|Any CPU.Build.0 = Release|Any CPU
		{B3B17FE3-A1F3-46F5-BCA5-61E8E12FBF3B}.Debug|Any CPU.ActiveCfg = Debug|Any CPU
		{B3B17FE3-A1F3-46F5-BCA5-61E8E12FBF3B}.Debug|Any CPU.Build.0 = Debug|Any CPU
		{B3B17FE3-A1F3-46F5-BCA5-61E8E12FBF3B}.Release|Any CPU.ActiveCfg = Release|Any CPU
		{B3B17FE3-A1F3-46F5-BCA5-61E8E12FBF3B}.Release|Any CPU.Build.0 = Release|Any CPU
		{C2E0F7F3-8893-4D22-A468-09422C18C7ED}.Debug|Any CPU.ActiveCfg = Debug|Any CPU
		{C2E0F7F3-8893-4D22-A468-09422C18C7ED}.Debug|Any CPU.Build.0 = Debug|Any CPU
		{C2E0F7F3-8893-4D22-A468-09422C18C7ED}.Release|Any CPU.ActiveCfg = Release|Any CPU
		{C2E0F7F3-8893-4D22-A468-09422C18C7ED}.Release|Any CPU.Build.0 = Release|Any CPU
		{C34FFE25-4413-411F-9AB8-E444338D3392}.Debug|Any CPU.ActiveCfg = Debug|Any CPU
		{C34FFE25-4413-411F-9AB8-E444338D3392}.Debug|Any CPU.Build.0 = Debug|Any CPU
		{C34FFE25-4413-411F-9AB8-E444338D3392}.Release|Any CPU.ActiveCfg = Release|Any CPU
		{C34FFE25-4413-411F-9AB8-E444338D3392}.Release|Any CPU.Build.0 = Release|Any CPU
		{6F770161-4F3B-4BC9-AC00-A68DD5FD9EF0}.Debug|Any CPU.ActiveCfg = Debug|Any CPU
		{6F770161-4F3B-4BC9-AC00-A68DD5FD9EF0}.Debug|Any CPU.Build.0 = Debug|Any CPU
		{6F770161-4F3B-4BC9-AC00-A68DD5FD9EF0}.Release|Any CPU.ActiveCfg = Release|Any CPU
		{6F770161-4F3B-4BC9-AC00-A68DD5FD9EF0}.Release|Any CPU.Build.0 = Release|Any CPU
	EndGlobalSection
	GlobalSection(SolutionProperties) = preSolution
		HideSolutionNode = FALSE
	EndGlobalSection
	GlobalSection(NestedProjects) = preSolution
		{728BC62F-3BE3-4C2C-8176-70D55E856A41} = {170C4B5F-3372-4507-8158-17E2DAB246BB}
		{40B8757A-E102-46B8-940C-BF78831CDF73} = {68A3A200-91A7-4318-9646-F881A2FABE7D}
		{A9AE2A76-5FD9-40DE-B215-424719841518} = {BBA8E809-CD9D-43E6-8315-E38E61619693}
		{32171D81-CECB-4A63-965C-0EF1A3E122DB} = {E6099B93-086B-4AAA-BC93-DA9D633C06CB}
		{5C5FB133-BEC1-4428-A7A3-A24F4709A462} = {0C880B73-7071-47AC-906D-1BD6ABEC71CB}
		{3B6968CC-AE07-4C05-851F-BFBFA8835EC7} = {5C6B5F44-4797-4037-B73F-CE2D1A8A3B7B}
		{973C324C-7C5F-41B5-B5C0-9B8C8EF599A6} = {4694D111-F080-4DC3-99B8-8D41B7BC0305}
		{D6BC9EC6-D1BF-42BF-8588-8D7769CA9F27} = {6616E4DB-34E5-4846-B488-795E8E568322}
		{7072CED4-FCAA-4158-9D29-1498ADF3E058} = {9A6C11CE-7812-4422-93E2-9C1AE5F64D47}
		{74ECDC4D-D39A-4F1A-B9E6-F6228AD54A66} = {2A91F96F-675E-4C2B-ABC0-361BF73685AC}
		{269A8F88-8782-439F-9031-75A3D9ACB033} = {A30A1101-6669-4EB8-A148-ACF4A5A35934}
		{F94A78A2-0E6F-4F71-944F-FF1D53DC9447} = {BD14BDF1-9BAA-444B-97ED-E9F7D1A64032}
		{7B96AFBA-8FA0-4A26-888C-722D5AA3FA2C} = {7FC73C2A-6FDF-40F3-9678-F31E3FA6DFA6}
		{2771BA41-7AA5-4A9A-AF41-46B546A15493} = {6BB781A8-EA7C-4740-8BE8-1B77303B606B}
		{D69A29F9-5AC1-422E-B41F-A2CB50C28D77} = {12493741-53EE-4CC8-996D-0D3C1589E46B}
		{5C0495EA-8D99-40F8-B88F-471653E7D1DA} = {905C7CF8-ED07-4180-AA01-44DCCF3D1DE6}
		{D9F6CBC1-9914-44B6-A4D6-C892BD3D61C9} = {D007D336-39A0-4E26-AC64-91647A1F9BA4}
		{B3B17FE3-A1F3-46F5-BCA5-61E8E12FBF3B} = {B5CE399D-7BCF-40A9-B96E-A94FAF757741}
		{C2E0F7F3-8893-4D22-A468-09422C18C7ED} = {05CFB125-CFB9-408D-96AA-E875BB7ACBEF}
		{C34FFE25-4413-411F-9AB8-E444338D3392} = {9CFE8B34-E372-4A57-B180-0EB5D63379AB}
		{6F770161-4F3B-4BC9-AC00-A68DD5FD9EF0} = {440780B1-65B8-4C5B-9ED0-58AD51AC1F27}
	EndGlobalSection
	GlobalSection(ExtensibilityGlobals) = postSolution
		SolutionGuid = {6DB73F2D-5141-4524-9E6A-35FAD9BBFB51}
	EndGlobalSection
EndGlobal
