
Microsoft Visual Studio Solution File, Format Version 12.00
# Visual Studio Version 17
VisualStudioVersion = 17.5.002.0
MinimumVisualStudioVersion = 10.0.40219.1
Project("{2150E333-8FDC-42A3-9474-1A3956D46DE8}") = "Actividad1Entrada", "Actividad1Entrada", "{837CF38E-D850-4384-A11B-E2A84735F905}"
EndProject
Project("{9A19103F-16F7-4668-BE54-9A1E7A4F7556}") = "TestProject", "Actividad1Entrada\TestProject\TestProject.csproj", "{3EE026FB-C6B8-4319-8EEB-55F57C18FED2}"
EndProject
Project("{2150E333-8FDC-42A3-9474-1A3956D46DE8}") = "Actividad1Formatos", "Actividad1Formatos", "{95D2E639-AA3D-4378-B009-A5B9FE6B8A90}"
EndProject
Project("{9A19103F-16F7-4668-BE54-9A1E7A4F7556}") = "TestProject", "Actividad1Formatos\TestProject\TestProject.csproj", "{E03C28DD-3465-4327-BBE0-02F752620924}"
EndProject
Project("{2150E333-8FDC-42A3-9474-1A3956D46DE8}") = "Actividad2Entrada", "Actividad2Entrada", "{8CAB073C-DCC7-4709-AB35-01CFE9DC1CE3}"
EndProject
Project("{9A19103F-16F7-4668-BE54-9A1E7A4F7556}") = "TestProject", "Actividad2Entrada\TestProject\TestProject.csproj", "{A8512E38-E889-46EB-8BAF-E813A8B1F5CB}"
EndProject
Project("{2150E333-8FDC-42A3-9474-1A3956D46DE8}") = "Actividad3Entrada", "Actividad3Entrada", "{4DB2F5C1-87D3-4EA6-9E74-768967D7CB55}"
EndProject
Project("{9A19103F-16F7-4668-BE54-9A1E7A4F7556}") = "TestProject", "Actividad3Entrada\TestProject\TestProject.csproj", "{10C76227-219C-4F95-9E2F-F1A65A250576}"
EndProject
Project("{2150E333-8FDC-42A3-9474-1A3956D46DE8}") = "Boolean", "Boolean", "{EBB9DDBE-BE5E-464B-9B37-2CCB46131C02}"
EndProject
Project("{9A19103F-16F7-4668-BE54-9A1E7A4F7556}") = "TestProject", "Boolean\TestProject\TestProject.csproj", "{3625D79B-7C21-4A9D-A199-585BC2C812FD}"
EndProject
Project("{2150E333-8FDC-42A3-9474-1A3956D46DE8}") = "Ejercicio-Conversion", "Ejercicio-Conversion", "{D665F478-1F03-46E1-97C1-AFF41803524A}"
EndProject
Project("{9A19103F-16F7-4668-BE54-9A1E7A4F7556}") = "TestProject", "Ejercicio-Conversion\TestProject\TestProject.csproj", "{E5E152CB-AA21-420A-88C3-82D6D2C90AA7}"
EndProject
Project("{2150E333-8FDC-42A3-9474-1A3956D46DE8}") = "Ejercicio-Conversion2", "Ejercicio-Conversion2", "{1D503C1F-F917-48AE-AF2C-C46BFAD14B90}"
EndProject
Project("{9A19103F-16F7-4668-BE54-9A1E7A4F7556}") = "TestProject", "Ejercicio-Conversion2\TestProject\TestProject.csproj", "{C8F543FA-B48F-49B1-867A-062F6B227677}"
EndProject
Project("{2150E333-8FDC-42A3-9474-1A3956D46DE8}") = "EntradaDatos", "EntradaDatos", "{7152B55D-828C-4648-843D-F4E6CC3F93F6}"
EndProject
Project("{9A19103F-16F7-4668-BE54-9A1E7A4F7556}") = "TestProject", "EntradaDatos\TestProject\TestProject.csproj", "{33DABE12-3364-42C6-8072-0C4428763D15}"
EndProject
Project("{2150E333-8FDC-42A3-9474-1A3956D46DE8}") = "For", "For", "{5F12FDD4-BE19-4E9E-B1F7-5B0E3EAC87AC}"
EndProject
Project("{9A19103F-16F7-4668-BE54-9A1E7A4F7556}") = "TestProject", "For\TestProject\TestProject.csproj", "{A31FF54F-F354-4D74-AFBA-9194D5C93CE7}"
EndProject
Project("{2150E333-8FDC-42A3-9474-1A3956D46DE8}") = "Formatos", "Formatos", "{A03ADCB3-7F96-4161-AE01-E0B7E5FCCF2E}"
EndProject
Project("{9A19103F-16F7-4668-BE54-9A1E7A4F7556}") = "TestProject", "Formatos\TestProject\TestProject.csproj", "{7CC71074-D375-45FF-87B7-23D5C9EC1B39}"
EndProject
Project("{2150E333-8FDC-42A3-9474-1A3956D46DE8}") = "GestionAlumnos", "GestionAlumnos", "{C93F5895-B22F-4BBA-8F52-1639DAAFFB01}"
EndProject
Project("{9A19103F-16F7-4668-BE54-9A1E7A4F7556}") = "TestProject", "GestionAlumnos\TestProject\TestProject.csproj", "{A8F6A00C-968D-43D6-B6B9-724601684428}"
EndProject
Project("{2150E333-8FDC-42A3-9474-1A3956D46DE8}") = "GestionAlumnos2.0", "GestionAlumnos2.0", "{C8E400C9-73C3-4D38-8B1E-7242747B1AF7}"
EndProject
Project("{9A19103F-16F7-4668-BE54-9A1E7A4F7556}") = "TestProject", "GestionAlumnos2.0\TestProject\TestProject.csproj", "{4BB49990-6AFD-433C-9D87-0CB0FD19E6D6}"
EndProject
Project("{2150E333-8FDC-42A3-9474-1A3956D46DE8}") = "InvertirCadena", "InvertirCadena", "{9F36DFF5-F8E5-473B-8A78-B920373955A4}"
EndProject
Project("{9A19103F-16F7-4668-BE54-9A1E7A4F7556}") = "TestProject", "InvertirCadena\TestProject\TestProject.csproj", "{D625194F-932E-4C21-9698-77DA32CD6598}"
EndProject
Project("{2150E333-8FDC-42A3-9474-1A3956D46DE8}") = "Matrices", "Matrices", "{91D66E92-E120-493D-A3AC-EB749A2D4106}"
EndProject
Project("{9A19103F-16F7-4668-BE54-9A1E7A4F7556}") = "TestProject", "Matrices\TestProject\TestProject.csproj", "{ABD65C97-120F-4381-895A-C2D99476D449}"
EndProject
Project("{2150E333-8FDC-42A3-9474-1A3956D46DE8}") = "MetodosCadena", "MetodosCadena", "{80A4C3D8-72E2-4F59-8366-DE96F5C88888}"
EndProject
Project("{9A19103F-16F7-4668-BE54-9A1E7A4F7556}") = "TestProject", "MetodosCadena\TestProject\TestProject.csproj", "{33D3BE2D-B836-4481-929E-4FE6B0289F64}"
EndProject
Project("{2150E333-8FDC-42A3-9474-1A3956D46DE8}") = "OrdenarCadena", "OrdenarCadena", "{5B5BC227-5AB2-4DC7-8B68-9F65ED14611E}"
EndProject
Project("{9A19103F-16F7-4668-BE54-9A1E7A4F7556}") = "TestProject", "OrdenarCadena\TestProject\TestProject.csproj", "{B8B9BA94-3641-4496-A91E-4962CB74B197}"
EndProject
Project("{2150E333-8FDC-42A3-9474-1A3956D46DE8}") = "ProyectoGuiado1", "ProyectoGuiado1", "{27970087-87DF-4A42-99F3-B1BEBB768B30}"
EndProject
Project("{9A19103F-16F7-4668-BE54-9A1E7A4F7556}") = "TestProject", "ProyectoGuiado1\TestProject\TestProject.csproj", "{AA603A01-CB27-4AF3-9275-82925E406E26}"
EndProject
Project("{2150E333-8FDC-42A3-9474-1A3956D46DE8}") = "Switch-Case", "Switch-Case", "{E19F12C4-665C-4A69-83D7-7FA37094E6A5}"
EndProject
Project("{9A19103F-16F7-4668-BE54-9A1E7A4F7556}") = "TestProject", "Switch-Case\TestProject\TestProject.csproj", "{072369D9-5E1E-4889-B125-4614E90238AA}"
EndProject
Project("{2150E333-8FDC-42A3-9474-1A3956D46DE8}") = "Valor-Referencia", "Valor-Referencia", "{FE11165B-BE3D-49B5-BC8C-F11CEA19FCA7}"
EndProject
Project("{9A19103F-16F7-4668-BE54-9A1E7A4F7556}") = "TestProject", "Valor-Referencia\TestProject\TestProject.csproj", "{A7F02365-2614-4127-8EF4-D97B98D58A9B}"
EndProject
Project("{2150E333-8FDC-42A3-9474-1A3956D46DE8}") = "Variables", "Variables", "{43B56717-4E42-4A31-8945-044DB8881823}"
EndProject
Project("{9A19103F-16F7-4668-BE54-9A1E7A4F7556}") = "TestProject", "Variables\TestProject\TestProject.csproj", "{7B5B9F2A-44CE-4D65-861A-D6DCA9D03B58}"
EndProject
Project("{2150E333-8FDC-42A3-9474-1A3956D46DE8}") = "While-DoWhile", "While-DoWhile", "{FC101304-987E-4F17-94BD-3FE99FD943A5}"
EndProject
Project("{9A19103F-16F7-4668-BE54-9A1E7A4F7556}") = "TestProject", "While-DoWhile\TestProject\TestProject.csproj", "{B548EB5A-E076-4FEB-BE2C-BD0BE547F40E}"
EndProject
Global
	GlobalSection(SolutionConfigurationPlatforms) = preSolution
		Debug|Any CPU = Debug|Any CPU
		Release|Any CPU = Release|Any CPU
	EndGlobalSection
	GlobalSection(ProjectConfigurationPlatforms) = postSolution
		{3EE026FB-C6B8-4319-8EEB-55F57C18FED2}.Debug|Any CPU.ActiveCfg = Debug|Any CPU
		{3EE026FB-C6B8-4319-8EEB-55F57C18FED2}.Debug|Any CPU.Build.0 = Debug|Any CPU
		{3EE026FB-C6B8-4319-8EEB-55F57C18FED2}.Release|Any CPU.ActiveCfg = Release|Any CPU
		{3EE026FB-C6B8-4319-8EEB-55F57C18FED2}.Release|Any CPU.Build.0 = Release|Any CPU
		{E03C28DD-3465-4327-BBE0-02F752620924}.Debug|Any CPU.ActiveCfg = Debug|Any CPU
		{E03C28DD-3465-4327-BBE0-02F752620924}.Debug|Any CPU.Build.0 = Debug|Any CPU
		{E03C28DD-3465-4327-BBE0-02F752620924}.Release|Any CPU.ActiveCfg = Release|Any CPU
		{E03C28DD-3465-4327-BBE0-02F752620924}.Release|Any CPU.Build.0 = Release|Any CPU
		{A8512E38-E889-46EB-8BAF-E813A8B1F5CB}.Debug|Any CPU.ActiveCfg = Debug|Any CPU
		{A8512E38-E889-46EB-8BAF-E813A8B1F5CB}.Debug|Any CPU.Build.0 = Debug|Any CPU
		{A8512E38-E889-46EB-8BAF-E813A8B1F5CB}.Release|Any CPU.ActiveCfg = Release|Any CPU
		{A8512E38-E889-46EB-8BAF-E813A8B1F5CB}.Release|Any CPU.Build.0 = Release|Any CPU
		{10C76227-219C-4F95-9E2F-F1A65A250576}.Debug|Any CPU.ActiveCfg = Debug|Any CPU
		{10C76227-219C-4F95-9E2F-F1A65A250576}.Debug|Any CPU.Build.0 = Debug|Any CPU
		{10C76227-219C-4F95-9E2F-F1A65A250576}.Release|Any CPU.ActiveCfg = Release|Any CPU
		{10C76227-219C-4F95-9E2F-F1A65A250576}.Release|Any CPU.Build.0 = Release|Any CPU
		{3625D79B-7C21-4A9D-A199-585BC2C812FD}.Debug|Any CPU.ActiveCfg = Debug|Any CPU
		{3625D79B-7C21-4A9D-A199-585BC2C812FD}.Debug|Any CPU.Build.0 = Debug|Any CPU
		{3625D79B-7C21-4A9D-A199-585BC2C812FD}.Release|Any CPU.ActiveCfg = Release|Any CPU
		{3625D79B-7C21-4A9D-A199-585BC2C812FD}.Release|Any CPU.Build.0 = Release|Any CPU
		{E5E152CB-AA21-420A-88C3-82D6D2C90AA7}.Debug|Any CPU.ActiveCfg = Debug|Any CPU
		{E5E152CB-AA21-420A-88C3-82D6D2C90AA7}.Debug|Any CPU.Build.0 = Debug|Any CPU
		{E5E152CB-AA21-420A-88C3-82D6D2C90AA7}.Release|Any CPU.ActiveCfg = Release|Any CPU
		{E5E152CB-AA21-420A-88C3-82D6D2C90AA7}.Release|Any CPU.Build.0 = Release|Any CPU
		{C8F543FA-B48F-49B1-867A-062F6B227677}.Debug|Any CPU.ActiveCfg = Debug|Any CPU
		{C8F543FA-B48F-49B1-867A-062F6B227677}.Debug|Any CPU.Build.0 = Debug|Any CPU
		{C8F543FA-B48F-49B1-867A-062F6B227677}.Release|Any CPU.ActiveCfg = Release|Any CPU
		{C8F543FA-B48F-49B1-867A-062F6B227677}.Release|Any CPU.Build.0 = Release|Any CPU
		{33DABE12-3364-42C6-8072-0C4428763D15}.Debug|Any CPU.ActiveCfg = Debug|Any CPU
		{33DABE12-3364-42C6-8072-0C4428763D15}.Debug|Any CPU.Build.0 = Debug|Any CPU
		{33DABE12-3364-42C6-8072-0C4428763D15}.Release|Any CPU.ActiveCfg = Release|Any CPU
		{33DABE12-3364-42C6-8072-0C4428763D15}.Release|Any CPU.Build.0 = Release|Any CPU
		{A31FF54F-F354-4D74-AFBA-9194D5C93CE7}.Debug|Any CPU.ActiveCfg = Debug|Any CPU
		{A31FF54F-F354-4D74-AFBA-9194D5C93CE7}.Debug|Any CPU.Build.0 = Debug|Any CPU
		{A31FF54F-F354-4D74-AFBA-9194D5C93CE7}.Release|Any CPU.ActiveCfg = Release|Any CPU
		{A31FF54F-F354-4D74-AFBA-9194D5C93CE7}.Release|Any CPU.Build.0 = Release|Any CPU
		{7CC71074-D375-45FF-87B7-23D5C9EC1B39}.Debug|Any CPU.ActiveCfg = Debug|Any CPU
		{7CC71074-D375-45FF-87B7-23D5C9EC1B39}.Debug|Any CPU.Build.0 = Debug|Any CPU
		{7CC71074-D375-45FF-87B7-23D5C9EC1B39}.Release|Any CPU.ActiveCfg = Release|Any CPU
		{7CC71074-D375-45FF-87B7-23D5C9EC1B39}.Release|Any CPU.Build.0 = Release|Any CPU
		{A8F6A00C-968D-43D6-B6B9-724601684428}.Debug|Any CPU.ActiveCfg = Debug|Any CPU
		{A8F6A00C-968D-43D6-B6B9-724601684428}.Debug|Any CPU.Build.0 = Debug|Any CPU
		{A8F6A00C-968D-43D6-B6B9-724601684428}.Release|Any CPU.ActiveCfg = Release|Any CPU
		{A8F6A00C-968D-43D6-B6B9-724601684428}.Release|Any CPU.Build.0 = Release|Any CPU
		{4BB49990-6AFD-433C-9D87-0CB0FD19E6D6}.Debug|Any CPU.ActiveCfg = Debug|Any CPU
		{4BB49990-6AFD-433C-9D87-0CB0FD19E6D6}.Debug|Any CPU.Build.0 = Debug|Any CPU
		{4BB49990-6AFD-433C-9D87-0CB0FD19E6D6}.Release|Any CPU.ActiveCfg = Release|Any CPU
		{4BB49990-6AFD-433C-9D87-0CB0FD19E6D6}.Release|Any CPU.Build.0 = Release|Any CPU
		{D625194F-932E-4C21-9698-77DA32CD6598}.Debug|Any CPU.ActiveCfg = Debug|Any CPU
		{D625194F-932E-4C21-9698-77DA32CD6598}.Debug|Any CPU.Build.0 = Debug|Any CPU
		{D625194F-932E-4C21-9698-77DA32CD6598}.Release|Any CPU.ActiveCfg = Release|Any CPU
		{D625194F-932E-4C21-9698-77DA32CD6598}.Release|Any CPU.Build.0 = Release|Any CPU
		{ABD65C97-120F-4381-895A-C2D99476D449}.Debug|Any CPU.ActiveCfg = Debug|Any CPU
		{ABD65C97-120F-4381-895A-C2D99476D449}.Debug|Any CPU.Build.0 = Debug|Any CPU
		{ABD65C97-120F-4381-895A-C2D99476D449}.Release|Any CPU.ActiveCfg = Release|Any CPU
		{ABD65C97-120F-4381-895A-C2D99476D449}.Release|Any CPU.Build.0 = Release|Any CPU
		{33D3BE2D-B836-4481-929E-4FE6B0289F64}.Debug|Any CPU.ActiveCfg = Debug|Any CPU
		{33D3BE2D-B836-4481-929E-4FE6B0289F64}.Debug|Any CPU.Build.0 = Debug|Any CPU
		{33D3BE2D-B836-4481-929E-4FE6B0289F64}.Release|Any CPU.ActiveCfg = Release|Any CPU
		{33D3BE2D-B836-4481-929E-4FE6B0289F64}.Release|Any CPU.Build.0 = Release|Any CPU
		{B8B9BA94-3641-4496-A91E-4962CB74B197}.Debug|Any CPU.ActiveCfg = Debug|Any CPU
		{B8B9BA94-3641-4496-A91E-4962CB74B197}.Debug|Any CPU.Build.0 = Debug|Any CPU
		{B8B9BA94-3641-4496-A91E-4962CB74B197}.Release|Any CPU.ActiveCfg = Release|Any CPU
		{B8B9BA94-3641-4496-A91E-4962CB74B197}.Release|Any CPU.Build.0 = Release|Any CPU
		{AA603A01-CB27-4AF3-9275-82925E406E26}.Debug|Any CPU.ActiveCfg = Debug|Any CPU
		{AA603A01-CB27-4AF3-9275-82925E406E26}.Debug|Any CPU.Build.0 = Debug|Any CPU
		{AA603A01-CB27-4AF3-9275-82925E406E26}.Release|Any CPU.ActiveCfg = Release|Any CPU
		{AA603A01-CB27-4AF3-9275-82925E406E26}.Release|Any CPU.Build.0 = Release|Any CPU
		{072369D9-5E1E-4889-B125-4614E90238AA}.Debug|Any CPU.ActiveCfg = Debug|Any CPU
		{072369D9-5E1E-4889-B125-4614E90238AA}.Debug|Any CPU.Build.0 = Debug|Any CPU
		{072369D9-5E1E-4889-B125-4614E90238AA}.Release|Any CPU.ActiveCfg = Release|Any CPU
		{072369D9-5E1E-4889-B125-4614E90238AA}.Release|Any CPU.Build.0 = Release|Any CPU
		{A7F02365-2614-4127-8EF4-D97B98D58A9B}.Debug|Any CPU.ActiveCfg = Debug|Any CPU
		{A7F02365-2614-4127-8EF4-D97B98D58A9B}.Debug|Any CPU.Build.0 = Debug|Any CPU
		{A7F02365-2614-4127-8EF4-D97B98D58A9B}.Release|Any CPU.ActiveCfg = Release|Any CPU
		{A7F02365-2614-4127-8EF4-D97B98D58A9B}.Release|Any CPU.Build.0 = Release|Any CPU
		{7B5B9F2A-44CE-4D65-861A-D6DCA9D03B58}.Debug|Any CPU.ActiveCfg = Debug|Any CPU
		{7B5B9F2A-44CE-4D65-861A-D6DCA9D03B58}.Debug|Any CPU.Build.0 = Debug|Any CPU
		{7B5B9F2A-44CE-4D65-861A-D6DCA9D03B58}.Release|Any CPU.ActiveCfg = Release|Any CPU
		{7B5B9F2A-44CE-4D65-861A-D6DCA9D03B58}.Release|Any CPU.Build.0 = Release|Any CPU
		{B548EB5A-E076-4FEB-BE2C-BD0BE547F40E}.Debug|Any CPU.ActiveCfg = Debug|Any CPU
		{B548EB5A-E076-4FEB-BE2C-BD0BE547F40E}.Debug|Any CPU.Build.0 = Debug|Any CPU
		{B548EB5A-E076-4FEB-BE2C-BD0BE547F40E}.Release|Any CPU.ActiveCfg = Release|Any CPU
		{B548EB5A-E076-4FEB-BE2C-BD0BE547F40E}.Release|Any CPU.Build.0 = Release|Any CPU
	EndGlobalSection
	GlobalSection(SolutionProperties) = preSolution
		HideSolutionNode = FALSE
	EndGlobalSection
	GlobalSection(NestedProjects) = preSolution
		{3EE026FB-C6B8-4319-8EEB-55F57C18FED2} = {837CF38E-D850-4384-A11B-E2A84735F905}
		{E03C28DD-3465-4327-BBE0-02F752620924} = {95D2E639-AA3D-4378-B009-A5B9FE6B8A90}
		{A8512E38-E889-46EB-8BAF-E813A8B1F5CB} = {8CAB073C-DCC7-4709-AB35-01CFE9DC1CE3}
		{10C76227-219C-4F95-9E2F-F1A65A250576} = {4DB2F5C1-87D3-4EA6-9E74-768967D7CB55}
		{3625D79B-7C21-4A9D-A199-585BC2C812FD} = {EBB9DDBE-BE5E-464B-9B37-2CCB46131C02}
		{E5E152CB-AA21-420A-88C3-82D6D2C90AA7} = {D665F478-1F03-46E1-97C1-AFF41803524A}
		{C8F543FA-B48F-49B1-867A-062F6B227677} = {1D503C1F-F917-48AE-AF2C-C46BFAD14B90}
		{33DABE12-3364-42C6-8072-0C4428763D15} = {7152B55D-828C-4648-843D-F4E6CC3F93F6}
		{A31FF54F-F354-4D74-AFBA-9194D5C93CE7} = {5F12FDD4-BE19-4E9E-B1F7-5B0E3EAC87AC}
		{7CC71074-D375-45FF-87B7-23D5C9EC1B39} = {A03ADCB3-7F96-4161-AE01-E0B7E5FCCF2E}
		{A8F6A00C-968D-43D6-B6B9-724601684428} = {C93F5895-B22F-4BBA-8F52-1639DAAFFB01}
		{4BB49990-6AFD-433C-9D87-0CB0FD19E6D6} = {C8E400C9-73C3-4D38-8B1E-7242747B1AF7}
		{D625194F-932E-4C21-9698-77DA32CD6598} = {9F36DFF5-F8E5-473B-8A78-B920373955A4}
		{ABD65C97-120F-4381-895A-C2D99476D449} = {91D66E92-E120-493D-A3AC-EB749A2D4106}
		{33D3BE2D-B836-4481-929E-4FE6B0289F64} = {80A4C3D8-72E2-4F59-8366-DE96F5C88888}
		{B8B9BA94-3641-4496-A91E-4962CB74B197} = {5B5BC227-5AB2-4DC7-8B68-9F65ED14611E}
		{AA603A01-CB27-4AF3-9275-82925E406E26} = {27970087-87DF-4A42-99F3-B1BEBB768B30}
		{072369D9-5E1E-4889-B125-4614E90238AA} = {E19F12C4-665C-4A69-83D7-7FA37094E6A5}
		{A7F02365-2614-4127-8EF4-D97B98D58A9B} = {FE11165B-BE3D-49B5-BC8C-F11CEA19FCA7}
		{7B5B9F2A-44CE-4D65-861A-D6DCA9D03B58} = {43B56717-4E42-4A31-8945-044DB8881823}
		{B548EB5A-E076-4FEB-BE2C-BD0BE547F40E} = {FC101304-987E-4F17-94BD-3FE99FD943A5}
	EndGlobalSection
	GlobalSection(ExtensibilityGlobals) = postSolution
		SolutionGuid = {7A23BB1F-8621-4086-A792-1E9569BA8E7A}
	EndGlobalSection
EndGlobal
